
Microsoft Visual Studio Solution File, Format Version 12.00
# Visual Studio Version 16
VisualStudioVersion = 16.0.30503.244
MinimumVisualStudioVersion = 10.0.40219.1
Project("{FAE04EC0-301F-11D3-BF4B-00C04F79EFBC}") = "01.WorldTour", "01.WorldTour\01.WorldTour.csproj", "{138E71F7-E6FB-4313-A639-1D0D0AB81BCC}"
EndProject
Project("{FAE04EC0-301F-11D3-BF4B-00C04F79EFBC}") = "02.DestinationMapper", "02.DestinationMapper\02.DestinationMapper.csproj", "{151CD8E0-01C8-4EDC-A827-CF5FA701BB93}"
EndProject
Project("{FAE04EC0-301F-11D3-BF4B-00C04F79EFBC}") = "03.PlantDiscovery", "03.PlantDiscovery\03.PlantDiscovery.csproj", "{895B885B-ED18-4243-9B76-C6159C009C1B}"
EndProject
Global
	GlobalSection(SolutionConfigurationPlatforms) = preSolution
		Debug|Any CPU = Debug|Any CPU
		Release|Any CPU = Release|Any CPU
	EndGlobalSection
	GlobalSection(ProjectConfigurationPlatforms) = postSolution
		{138E71F7-E6FB-4313-A639-1D0D0AB81BCC}.Debug|Any CPU.ActiveCfg = Debug|Any CPU
		{138E71F7-E6FB-4313-A639-1D0D0AB81BCC}.Debug|Any CPU.Build.0 = Debug|Any CPU
		{138E71F7-E6FB-4313-A639-1D0D0AB81BCC}.Release|Any CPU.ActiveCfg = Release|Any CPU
		{138E71F7-E6FB-4313-A639-1D0D0AB81BCC}.Release|Any CPU.Build.0 = Release|Any CPU
		{151CD8E0-01C8-4EDC-A827-CF5FA701BB93}.Debug|Any CPU.ActiveCfg = Debug|Any CPU
		{151CD8E0-01C8-4EDC-A827-CF5FA701BB93}.Debug|Any CPU.Build.0 = Debug|Any CPU
		{151CD8E0-01C8-4EDC-A827-CF5FA701BB93}.Release|Any CPU.ActiveCfg = Release|Any CPU
		{151CD8E0-01C8-4EDC-A827-CF5FA701BB93}.Release|Any CPU.Build.0 = Release|Any CPU
		{895B885B-ED18-4243-9B76-C6159C009C1B}.Debug|Any CPU.ActiveCfg = Debug|Any CPU
		{895B885B-ED18-4243-9B76-C6159C009C1B}.Debug|Any CPU.Build.0 = Debug|Any CPU
		{895B885B-ED18-4243-9B76-C6159C009C1B}.Release|Any CPU.ActiveCfg = Release|Any CPU
		{895B885B-ED18-4243-9B76-C6159C009C1B}.Release|Any CPU.Build.0 = Release|Any CPU
	EndGlobalSection
	GlobalSection(SolutionProperties) = preSolution
		HideSolutionNode = FALSE
	EndGlobalSection
	GlobalSection(ExtensibilityGlobals) = postSolution
		SolutionGuid = {6E7C51BA-DE95-443F-80C1-31CB85506521}
	EndGlobalSection
EndGlobal
