
Microsoft Visual Studio Solution File, Format Version 12.00
# Visual Studio Version 16
VisualStudioVersion = 16.0.31005.135
MinimumVisualStudioVersion = 10.0.40219.1
Project("{9A19103F-16F7-4668-BE54-9A1E7A4F7556}") = "ClubParty", "ClubParty\ClubParty.csproj", "{ED794366-76CE-43E7-A6C8-A667D5588A3A}"
EndProject
Project("{9A19103F-16F7-4668-BE54-9A1E7A4F7556}") = "TronRacers", "TronRacers\TronRacers.csproj", "{1ECCABB1-5BF6-4754-A057-C74C25933C73}"
EndProject
Project("{FAE04EC0-301F-11D3-BF4B-00C04F79EFBC}") = "Heroes", "Heroes\Heroes.csproj", "{F1C3CE14-EFDA-40D7-B24D-800B28BEDA60}"
EndProject
Global
	GlobalSection(SolutionConfigurationPlatforms) = preSolution
		Debug|Any CPU = Debug|Any CPU
		Release|Any CPU = Release|Any CPU
	EndGlobalSection
	GlobalSection(ProjectConfigurationPlatforms) = postSolution
		{ED794366-76CE-43E7-A6C8-A667D5588A3A}.Debug|Any CPU.ActiveCfg = Debug|Any CPU
		{ED794366-76CE-43E7-A6C8-A667D5588A3A}.Debug|Any CPU.Build.0 = Debug|Any CPU
		{ED794366-76CE-43E7-A6C8-A667D5588A3A}.Release|Any CPU.ActiveCfg = Release|Any CPU
		{ED794366-76CE-43E7-A6C8-A667D5588A3A}.Release|Any CPU.Build.0 = Release|Any CPU
		{1ECCABB1-5BF6-4754-A057-C74C25933C73}.Debug|Any CPU.ActiveCfg = Debug|Any CPU
		{1ECCABB1-5BF6-4754-A057-C74C25933C73}.Debug|Any CPU.Build.0 = Debug|Any CPU
		{1ECCABB1-5BF6-4754-A057-C74C25933C73}.Release|Any CPU.ActiveCfg = Release|Any CPU
		{1ECCABB1-5BF6-4754-A057-C74C25933C73}.Release|Any CPU.Build.0 = Release|Any CPU
		{F1C3CE14-EFDA-40D7-B24D-800B28BEDA60}.Debug|Any CPU.ActiveCfg = Debug|Any CPU
		{F1C3CE14-EFDA-40D7-B24D-800B28BEDA60}.Debug|Any CPU.Build.0 = Debug|Any CPU
		{F1C3CE14-EFDA-40D7-B24D-800B28BEDA60}.Release|Any CPU.ActiveCfg = Release|Any CPU
		{F1C3CE14-EFDA-40D7-B24D-800B28BEDA60}.Release|Any CPU.Build.0 = Release|Any CPU
	EndGlobalSection
	GlobalSection(SolutionProperties) = preSolution
		HideSolutionNode = FALSE
	EndGlobalSection
	GlobalSection(ExtensibilityGlobals) = postSolution
		SolutionGuid = {23E9B256-9AC0-4C85-AF92-184F2BBD765A}
	EndGlobalSection
EndGlobal
