
Microsoft Visual Studio Solution File, Format Version 12.00
# Visual Studio Version 16
VisualStudioVersion = 16.0.30503.244
MinimumVisualStudioVersion = 10.0.40219.1
Project("{FAE04EC0-301F-11D3-BF4B-00C04F79EFBC}") = "01.DataTypeFinder", "01.DataTypeFinder\01.DataTypeFinder.csproj", "{1BB76C5E-288B-48DE-B5B9-625EC2E2B730}"
EndProject
Project("{FAE04EC0-301F-11D3-BF4B-00C04F79EFBC}") = "02.FromLeftToTheRight", "02.FromLeftToTheRight\02.FromLeftToTheRight.csproj", "{9E24A6EB-33D4-49D8-BA66-E34057607C0B}"
EndProject
Global
	GlobalSection(SolutionConfigurationPlatforms) = preSolution
		Debug|Any CPU = Debug|Any CPU
		Release|Any CPU = Release|Any CPU
	EndGlobalSection
	GlobalSection(ProjectConfigurationPlatforms) = postSolution
		{1BB76C5E-288B-48DE-B5B9-625EC2E2B730}.Debug|Any CPU.ActiveCfg = Debug|Any CPU
		{1BB76C5E-288B-48DE-B5B9-625EC2E2B730}.Debug|Any CPU.Build.0 = Debug|Any CPU
		{1BB76C5E-288B-48DE-B5B9-625EC2E2B730}.Release|Any CPU.ActiveCfg = Release|Any CPU
		{1BB76C5E-288B-48DE-B5B9-625EC2E2B730}.Release|Any CPU.Build.0 = Release|Any CPU
		{9E24A6EB-33D4-49D8-BA66-E34057607C0B}.Debug|Any CPU.ActiveCfg = Debug|Any CPU
		{9E24A6EB-33D4-49D8-BA66-E34057607C0B}.Debug|Any CPU.Build.0 = Debug|Any CPU
		{9E24A6EB-33D4-49D8-BA66-E34057607C0B}.Release|Any CPU.ActiveCfg = Release|Any CPU
		{9E24A6EB-33D4-49D8-BA66-E34057607C0B}.Release|Any CPU.Build.0 = Release|Any CPU
	EndGlobalSection
	GlobalSection(SolutionProperties) = preSolution
		HideSolutionNode = FALSE
	EndGlobalSection
	GlobalSection(ExtensibilityGlobals) = postSolution
		SolutionGuid = {C835F2C2-4193-49C5-B0EB-17EAB980C01D}
	EndGlobalSection
EndGlobal
