
Microsoft Visual Studio Solution File, Format Version 12.00
# Visual Studio Version 16
VisualStudioVersion = 16.0.30503.244
MinimumVisualStudioVersion = 10.0.40219.1
Project("{FAE04EC0-301F-11D3-BF4B-00C04F79EFBC}") = "01.CounterStrike", "01.CounterStrike\01.CounterStrike.csproj", "{C4FC7988-01BC-49AE-85D3-DD332E756540}"
EndProject
Project("{FAE04EC0-301F-11D3-BF4B-00C04F79EFBC}") = "02.ShootForTheWin", "02.ShootForTheWin\02.ShootForTheWin.csproj", "{154FC87C-5B77-4274-9549-60E5828B0EE4}"
EndProject
Project("{FAE04EC0-301F-11D3-BF4B-00C04F79EFBC}") = "03.MovingTarget", "03.MovingTarget\03.MovingTarget.csproj", "{221C4285-8C6D-4590-AAE1-8F10D338E24E}"
EndProject
Global
	GlobalSection(SolutionConfigurationPlatforms) = preSolution
		Debug|Any CPU = Debug|Any CPU
		Release|Any CPU = Release|Any CPU
	EndGlobalSection
	GlobalSection(ProjectConfigurationPlatforms) = postSolution
		{C4FC7988-01BC-49AE-85D3-DD332E756540}.Debug|Any CPU.ActiveCfg = Debug|Any CPU
		{C4FC7988-01BC-49AE-85D3-DD332E756540}.Debug|Any CPU.Build.0 = Debug|Any CPU
		{C4FC7988-01BC-49AE-85D3-DD332E756540}.Release|Any CPU.ActiveCfg = Release|Any CPU
		{C4FC7988-01BC-49AE-85D3-DD332E756540}.Release|Any CPU.Build.0 = Release|Any CPU
		{154FC87C-5B77-4274-9549-60E5828B0EE4}.Debug|Any CPU.ActiveCfg = Debug|Any CPU
		{154FC87C-5B77-4274-9549-60E5828B0EE4}.Debug|Any CPU.Build.0 = Debug|Any CPU
		{154FC87C-5B77-4274-9549-60E5828B0EE4}.Release|Any CPU.ActiveCfg = Release|Any CPU
		{154FC87C-5B77-4274-9549-60E5828B0EE4}.Release|Any CPU.Build.0 = Release|Any CPU
		{221C4285-8C6D-4590-AAE1-8F10D338E24E}.Debug|Any CPU.ActiveCfg = Debug|Any CPU
		{221C4285-8C6D-4590-AAE1-8F10D338E24E}.Debug|Any CPU.Build.0 = Debug|Any CPU
		{221C4285-8C6D-4590-AAE1-8F10D338E24E}.Release|Any CPU.ActiveCfg = Release|Any CPU
		{221C4285-8C6D-4590-AAE1-8F10D338E24E}.Release|Any CPU.Build.0 = Release|Any CPU
	EndGlobalSection
	GlobalSection(SolutionProperties) = preSolution
		HideSolutionNode = FALSE
	EndGlobalSection
	GlobalSection(ExtensibilityGlobals) = postSolution
		SolutionGuid = {0B27C601-E7CD-400E-9567-6E8D9A8C695F}
	EndGlobalSection
EndGlobal
