
Microsoft Visual Studio Solution File, Format Version 12.00
# Visual Studio Version 16
VisualStudioVersion = 16.0.30503.244
MinimumVisualStudioVersion = 10.0.40219.1
Project("{FAE04EC0-301F-11D3-BF4B-00C04F79EFBC}") = "01.Nikulden’sCharity", "01.Nikulden’sCharity\01.Nikulden’sCharity.csproj", "{F77A728B-59BC-4EAB-9B06-930A4086CF06}"
EndProject
Project("{FAE04EC0-301F-11D3-BF4B-00C04F79EFBC}") = "02.MessageTranslator", "02.MessageTranslator\02.MessageTranslator.csproj", "{A85D6241-C1F5-49A4-A953-867BAA9CD437}"
EndProject
Project("{FAE04EC0-301F-11D3-BF4B-00C04F79EFBC}") = "03.Nikulden’sMeals", "03.Nikulden’sMeals\03.Nikulden’sMeals.csproj", "{AFC3D459-5E93-4588-A219-A4AB2D189F6A}"
EndProject
Global
	GlobalSection(SolutionConfigurationPlatforms) = preSolution
		Debug|Any CPU = Debug|Any CPU
		Release|Any CPU = Release|Any CPU
	EndGlobalSection
	GlobalSection(ProjectConfigurationPlatforms) = postSolution
		{F77A728B-59BC-4EAB-9B06-930A4086CF06}.Debug|Any CPU.ActiveCfg = Debug|Any CPU
		{F77A728B-59BC-4EAB-9B06-930A4086CF06}.Debug|Any CPU.Build.0 = Debug|Any CPU
		{F77A728B-59BC-4EAB-9B06-930A4086CF06}.Release|Any CPU.ActiveCfg = Release|Any CPU
		{F77A728B-59BC-4EAB-9B06-930A4086CF06}.Release|Any CPU.Build.0 = Release|Any CPU
		{A85D6241-C1F5-49A4-A953-867BAA9CD437}.Debug|Any CPU.ActiveCfg = Debug|Any CPU
		{A85D6241-C1F5-49A4-A953-867BAA9CD437}.Debug|Any CPU.Build.0 = Debug|Any CPU
		{A85D6241-C1F5-49A4-A953-867BAA9CD437}.Release|Any CPU.ActiveCfg = Release|Any CPU
		{A85D6241-C1F5-49A4-A953-867BAA9CD437}.Release|Any CPU.Build.0 = Release|Any CPU
		{AFC3D459-5E93-4588-A219-A4AB2D189F6A}.Debug|Any CPU.ActiveCfg = Debug|Any CPU
		{AFC3D459-5E93-4588-A219-A4AB2D189F6A}.Debug|Any CPU.Build.0 = Debug|Any CPU
		{AFC3D459-5E93-4588-A219-A4AB2D189F6A}.Release|Any CPU.ActiveCfg = Release|Any CPU
		{AFC3D459-5E93-4588-A219-A4AB2D189F6A}.Release|Any CPU.Build.0 = Release|Any CPU
	EndGlobalSection
	GlobalSection(SolutionProperties) = preSolution
		HideSolutionNode = FALSE
	EndGlobalSection
	GlobalSection(ExtensibilityGlobals) = postSolution
		SolutionGuid = {80DB7756-AD63-4517-8AF5-8CD71D08D349}
	EndGlobalSection
EndGlobal
