
Microsoft Visual Studio Solution File, Format Version 12.00
# Visual Studio Version 16
VisualStudioVersion = 16.0.31005.135
MinimumVisualStudioVersion = 10.0.40219.1
Project("{9A19103F-16F7-4668-BE54-9A1E7A4F7556}") = "PersonsInfo", "PersonsInfo\PersonsInfo.csproj", "{B24CDA8D-A1A6-4B41-B1AA-F229556CD603}"
EndProject
Global
	GlobalSection(SolutionConfigurationPlatforms) = preSolution
		Debug|Any CPU = Debug|Any CPU
		Release|Any CPU = Release|Any CPU
	EndGlobalSection
	GlobalSection(ProjectConfigurationPlatforms) = postSolution
		{B24CDA8D-A1A6-4B41-B1AA-F229556CD603}.Debug|Any CPU.ActiveCfg = Debug|Any CPU
		{B24CDA8D-A1A6-4B41-B1AA-F229556CD603}.Debug|Any CPU.Build.0 = Debug|Any CPU
		{B24CDA8D-A1A6-4B41-B1AA-F229556CD603}.Release|Any CPU.ActiveCfg = Release|Any CPU
		{B24CDA8D-A1A6-4B41-B1AA-F229556CD603}.Release|Any CPU.Build.0 = Release|Any CPU
	EndGlobalSection
	GlobalSection(SolutionProperties) = preSolution
		HideSolutionNode = FALSE
	EndGlobalSection
	GlobalSection(ExtensibilityGlobals) = postSolution
		SolutionGuid = {422AAFF2-9BD9-47B8-957C-542A7282C301}
	EndGlobalSection
EndGlobal
