
Microsoft Visual Studio Solution File, Format Version 12.00
# Visual Studio Version 16
VisualStudioVersion = 16.0.30503.244
MinimumVisualStudioVersion = 10.0.40219.1
Project("{9A19103F-16F7-4668-BE54-9A1E7A4F7556}") = "01.AdvertisementMessage", "01.AdvertisementMessage\01.AdvertisementMessage.csproj", "{277A418F-6757-4800-BF84-74CF59431875}"
EndProject
Project("{9A19103F-16F7-4668-BE54-9A1E7A4F7556}") = "02.Articles", "02.Articles\02.Articles.csproj", "{AE60F73A-C31B-4683-B7BF-3FC2254514A9}"
EndProject
Project("{9A19103F-16F7-4668-BE54-9A1E7A4F7556}") = "03.Articles2.0", "03.Articles2.0\03.Articles2.0.csproj", "{E97B0F52-A789-488E-AAE4-ED75DE6AE7F9}"
EndProject
Project("{9A19103F-16F7-4668-BE54-9A1E7A4F7556}") = "04.Students", "04.Students\04.Students.csproj", "{A4E61158-7EA8-4439-9345-A72DE9600F86}"
EndProject
Project("{9A19103F-16F7-4668-BE54-9A1E7A4F7556}") = "05.TeamworkProjects", "05.TeamworkProjects\05.TeamworkProjects.csproj", "{56B049E7-CA01-4837-95F2-A47381095643}"
EndProject
Project("{FAE04EC0-301F-11D3-BF4B-00C04F79EFBC}") = "07.OrderByAge", "07.OrderByAge\07.OrderByAge.csproj", "{67CFB190-E334-42F4-B6B5-208A83E462C3}"
EndProject
Project("{FAE04EC0-301F-11D3-BF4B-00C04F79EFBC}") = "06.VehicleCatalogue", "06.VehicleCatalogue\06.VehicleCatalogue.csproj", "{5DF1C10D-D772-415B-AF18-A360ABC02CCA}"
EndProject
Global
	GlobalSection(SolutionConfigurationPlatforms) = preSolution
		Debug|Any CPU = Debug|Any CPU
		Release|Any CPU = Release|Any CPU
	EndGlobalSection
	GlobalSection(ProjectConfigurationPlatforms) = postSolution
		{277A418F-6757-4800-BF84-74CF59431875}.Debug|Any CPU.ActiveCfg = Debug|Any CPU
		{277A418F-6757-4800-BF84-74CF59431875}.Debug|Any CPU.Build.0 = Debug|Any CPU
		{277A418F-6757-4800-BF84-74CF59431875}.Release|Any CPU.ActiveCfg = Release|Any CPU
		{277A418F-6757-4800-BF84-74CF59431875}.Release|Any CPU.Build.0 = Release|Any CPU
		{AE60F73A-C31B-4683-B7BF-3FC2254514A9}.Debug|Any CPU.ActiveCfg = Debug|Any CPU
		{AE60F73A-C31B-4683-B7BF-3FC2254514A9}.Debug|Any CPU.Build.0 = Debug|Any CPU
		{AE60F73A-C31B-4683-B7BF-3FC2254514A9}.Release|Any CPU.ActiveCfg = Release|Any CPU
		{AE60F73A-C31B-4683-B7BF-3FC2254514A9}.Release|Any CPU.Build.0 = Release|Any CPU
		{E97B0F52-A789-488E-AAE4-ED75DE6AE7F9}.Debug|Any CPU.ActiveCfg = Debug|Any CPU
		{E97B0F52-A789-488E-AAE4-ED75DE6AE7F9}.Debug|Any CPU.Build.0 = Debug|Any CPU
		{E97B0F52-A789-488E-AAE4-ED75DE6AE7F9}.Release|Any CPU.ActiveCfg = Release|Any CPU
		{E97B0F52-A789-488E-AAE4-ED75DE6AE7F9}.Release|Any CPU.Build.0 = Release|Any CPU
		{A4E61158-7EA8-4439-9345-A72DE9600F86}.Debug|Any CPU.ActiveCfg = Debug|Any CPU
		{A4E61158-7EA8-4439-9345-A72DE9600F86}.Debug|Any CPU.Build.0 = Debug|Any CPU
		{A4E61158-7EA8-4439-9345-A72DE9600F86}.Release|Any CPU.ActiveCfg = Release|Any CPU
		{A4E61158-7EA8-4439-9345-A72DE9600F86}.Release|Any CPU.Build.0 = Release|Any CPU
		{56B049E7-CA01-4837-95F2-A47381095643}.Debug|Any CPU.ActiveCfg = Debug|Any CPU
		{56B049E7-CA01-4837-95F2-A47381095643}.Debug|Any CPU.Build.0 = Debug|Any CPU
		{56B049E7-CA01-4837-95F2-A47381095643}.Release|Any CPU.ActiveCfg = Release|Any CPU
		{56B049E7-CA01-4837-95F2-A47381095643}.Release|Any CPU.Build.0 = Release|Any CPU
		{67CFB190-E334-42F4-B6B5-208A83E462C3}.Debug|Any CPU.ActiveCfg = Debug|Any CPU
		{67CFB190-E334-42F4-B6B5-208A83E462C3}.Debug|Any CPU.Build.0 = Debug|Any CPU
		{67CFB190-E334-42F4-B6B5-208A83E462C3}.Release|Any CPU.ActiveCfg = Release|Any CPU
		{67CFB190-E334-42F4-B6B5-208A83E462C3}.Release|Any CPU.Build.0 = Release|Any CPU
		{5DF1C10D-D772-415B-AF18-A360ABC02CCA}.Debug|Any CPU.ActiveCfg = Debug|Any CPU
		{5DF1C10D-D772-415B-AF18-A360ABC02CCA}.Debug|Any CPU.Build.0 = Debug|Any CPU
		{5DF1C10D-D772-415B-AF18-A360ABC02CCA}.Release|Any CPU.ActiveCfg = Release|Any CPU
		{5DF1C10D-D772-415B-AF18-A360ABC02CCA}.Release|Any CPU.Build.0 = Release|Any CPU
	EndGlobalSection
	GlobalSection(SolutionProperties) = preSolution
		HideSolutionNode = FALSE
	EndGlobalSection
	GlobalSection(ExtensibilityGlobals) = postSolution
		SolutionGuid = {22AEF245-07F7-4973-9255-51B36DCEDC01}
	EndGlobalSection
EndGlobal
