
Microsoft Visual Studio Solution File, Format Version 12.00
# Visual Studio Version 16
VisualStudioVersion = 16.0.30503.244
MinimumVisualStudioVersion = 10.0.40219.1
Project("{FAE04EC0-301F-11D3-BF4B-00C04F79EFBC}") = "01.SoftUniReception", "01.SoftUniReception\01.SoftUniReception.csproj", "{3BD99B6F-CECB-452C-924B-9EF7DE9205D4}"
EndProject
Project("{FAE04EC0-301F-11D3-BF4B-00C04F79EFBC}") = "02.ArrayModifier", "02.ArrayModifier\02.ArrayModifier.csproj", "{DA9DC2DF-E14E-47FC-BAE9-6C88D63522BC}"
EndProject
Project("{FAE04EC0-301F-11D3-BF4B-00C04F79EFBC}") = "03.Numbers", "03.Numbers\03.Numbers.csproj", "{600E823C-3E10-4152-9E90-EB08114B0E7B}"
EndProject
Global
	GlobalSection(SolutionConfigurationPlatforms) = preSolution
		Debug|Any CPU = Debug|Any CPU
		Release|Any CPU = Release|Any CPU
	EndGlobalSection
	GlobalSection(ProjectConfigurationPlatforms) = postSolution
		{3BD99B6F-CECB-452C-924B-9EF7DE9205D4}.Debug|Any CPU.ActiveCfg = Debug|Any CPU
		{3BD99B6F-CECB-452C-924B-9EF7DE9205D4}.Debug|Any CPU.Build.0 = Debug|Any CPU
		{3BD99B6F-CECB-452C-924B-9EF7DE9205D4}.Release|Any CPU.ActiveCfg = Release|Any CPU
		{3BD99B6F-CECB-452C-924B-9EF7DE9205D4}.Release|Any CPU.Build.0 = Release|Any CPU
		{DA9DC2DF-E14E-47FC-BAE9-6C88D63522BC}.Debug|Any CPU.ActiveCfg = Debug|Any CPU
		{DA9DC2DF-E14E-47FC-BAE9-6C88D63522BC}.Debug|Any CPU.Build.0 = Debug|Any CPU
		{DA9DC2DF-E14E-47FC-BAE9-6C88D63522BC}.Release|Any CPU.ActiveCfg = Release|Any CPU
		{DA9DC2DF-E14E-47FC-BAE9-6C88D63522BC}.Release|Any CPU.Build.0 = Release|Any CPU
		{600E823C-3E10-4152-9E90-EB08114B0E7B}.Debug|Any CPU.ActiveCfg = Debug|Any CPU
		{600E823C-3E10-4152-9E90-EB08114B0E7B}.Debug|Any CPU.Build.0 = Debug|Any CPU
		{600E823C-3E10-4152-9E90-EB08114B0E7B}.Release|Any CPU.ActiveCfg = Release|Any CPU
		{600E823C-3E10-4152-9E90-EB08114B0E7B}.Release|Any CPU.Build.0 = Release|Any CPU
	EndGlobalSection
	GlobalSection(SolutionProperties) = preSolution
		HideSolutionNode = FALSE
	EndGlobalSection
	GlobalSection(ExtensibilityGlobals) = postSolution
		SolutionGuid = {B667D27E-5F26-4F20-9DC7-5BCA83F13CD8}
	EndGlobalSection
EndGlobal
