
Microsoft Visual Studio Solution File, Format Version 12.00
# Visual Studio Version 16
VisualStudioVersion = 16.0.30503.244
MinimumVisualStudioVersion = 10.0.40219.1
Project("{FAE04EC0-301F-11D3-BF4B-00C04F79EFBC}") = "01.EasterCozonacs", "01.EasterCozonacs\01.EasterCozonacs.csproj", "{BCCED4F4-1440-47E4-8DBD-A9D40E4F3341}"
EndProject
Project("{FAE04EC0-301F-11D3-BF4B-00C04F79EFBC}") = "02.EasterGifts", "02.EasterGifts\02.EasterGifts.csproj", "{BF48AC5A-1CD6-47EF-8C61-94969E57EB70}"
EndProject
Project("{FAE04EC0-301F-11D3-BF4B-00C04F79EFBC}") = "03.EasterShopping", "03.EasterShopping\03.EasterShopping.csproj", "{A07F338B-EB53-4E84-94C3-C61AC29A49E1}"
EndProject
Global
	GlobalSection(SolutionConfigurationPlatforms) = preSolution
		Debug|Any CPU = Debug|Any CPU
		Release|Any CPU = Release|Any CPU
	EndGlobalSection
	GlobalSection(ProjectConfigurationPlatforms) = postSolution
		{BCCED4F4-1440-47E4-8DBD-A9D40E4F3341}.Debug|Any CPU.ActiveCfg = Debug|Any CPU
		{BCCED4F4-1440-47E4-8DBD-A9D40E4F3341}.Debug|Any CPU.Build.0 = Debug|Any CPU
		{BCCED4F4-1440-47E4-8DBD-A9D40E4F3341}.Release|Any CPU.ActiveCfg = Release|Any CPU
		{BCCED4F4-1440-47E4-8DBD-A9D40E4F3341}.Release|Any CPU.Build.0 = Release|Any CPU
		{BF48AC5A-1CD6-47EF-8C61-94969E57EB70}.Debug|Any CPU.ActiveCfg = Debug|Any CPU
		{BF48AC5A-1CD6-47EF-8C61-94969E57EB70}.Debug|Any CPU.Build.0 = Debug|Any CPU
		{BF48AC5A-1CD6-47EF-8C61-94969E57EB70}.Release|Any CPU.ActiveCfg = Release|Any CPU
		{BF48AC5A-1CD6-47EF-8C61-94969E57EB70}.Release|Any CPU.Build.0 = Release|Any CPU
		{A07F338B-EB53-4E84-94C3-C61AC29A49E1}.Debug|Any CPU.ActiveCfg = Debug|Any CPU
		{A07F338B-EB53-4E84-94C3-C61AC29A49E1}.Debug|Any CPU.Build.0 = Debug|Any CPU
		{A07F338B-EB53-4E84-94C3-C61AC29A49E1}.Release|Any CPU.ActiveCfg = Release|Any CPU
		{A07F338B-EB53-4E84-94C3-C61AC29A49E1}.Release|Any CPU.Build.0 = Release|Any CPU
	EndGlobalSection
	GlobalSection(SolutionProperties) = preSolution
		HideSolutionNode = FALSE
	EndGlobalSection
	GlobalSection(ExtensibilityGlobals) = postSolution
		SolutionGuid = {D427FD4C-1019-4C1B-BB8F-264B25C97234}
	EndGlobalSection
EndGlobal
