
Microsoft Visual Studio Solution File, Format Version 12.00
# Visual Studio Version 16
VisualStudioVersion = 16.0.31005.135
MinimumVisualStudioVersion = 10.0.40219.1
Project("{9A19103F-16F7-4668-BE54-9A1E7A4F7556}") = "LootBox", "LootBox\LootBox.csproj", "{F26F0A17-6925-4917-8E69-2F5C427BD34F}"
EndProject
Project("{9A19103F-16F7-4668-BE54-9A1E7A4F7556}") = "Guild", "Guild\Guild.csproj", "{91525FEE-947A-423A-AB7E-D66E64C67044}"
EndProject
Project("{FAE04EC0-301F-11D3-BF4B-00C04F79EFBC}") = "Re-Volt", "Re-Volt\Re-Volt.csproj", "{3A2F2F75-E9DB-4700-A289-1FBC46D6F404}"
EndProject
Global
	GlobalSection(SolutionConfigurationPlatforms) = preSolution
		Debug|Any CPU = Debug|Any CPU
		Release|Any CPU = Release|Any CPU
	EndGlobalSection
	GlobalSection(ProjectConfigurationPlatforms) = postSolution
		{F26F0A17-6925-4917-8E69-2F5C427BD34F}.Debug|Any CPU.ActiveCfg = Debug|Any CPU
		{F26F0A17-6925-4917-8E69-2F5C427BD34F}.Debug|Any CPU.Build.0 = Debug|Any CPU
		{F26F0A17-6925-4917-8E69-2F5C427BD34F}.Release|Any CPU.ActiveCfg = Release|Any CPU
		{F26F0A17-6925-4917-8E69-2F5C427BD34F}.Release|Any CPU.Build.0 = Release|Any CPU
		{91525FEE-947A-423A-AB7E-D66E64C67044}.Debug|Any CPU.ActiveCfg = Debug|Any CPU
		{91525FEE-947A-423A-AB7E-D66E64C67044}.Debug|Any CPU.Build.0 = Debug|Any CPU
		{91525FEE-947A-423A-AB7E-D66E64C67044}.Release|Any CPU.ActiveCfg = Release|Any CPU
		{91525FEE-947A-423A-AB7E-D66E64C67044}.Release|Any CPU.Build.0 = Release|Any CPU
		{3A2F2F75-E9DB-4700-A289-1FBC46D6F404}.Debug|Any CPU.ActiveCfg = Debug|Any CPU
		{3A2F2F75-E9DB-4700-A289-1FBC46D6F404}.Debug|Any CPU.Build.0 = Debug|Any CPU
		{3A2F2F75-E9DB-4700-A289-1FBC46D6F404}.Release|Any CPU.ActiveCfg = Release|Any CPU
		{3A2F2F75-E9DB-4700-A289-1FBC46D6F404}.Release|Any CPU.Build.0 = Release|Any CPU
	EndGlobalSection
	GlobalSection(SolutionProperties) = preSolution
		HideSolutionNode = FALSE
	EndGlobalSection
	GlobalSection(ExtensibilityGlobals) = postSolution
		SolutionGuid = {17CF0A3F-AEFE-45D1-AFAC-0C8DF2668A1B}
	EndGlobalSection
EndGlobal
