
Microsoft Visual Studio Solution File, Format Version 12.00
# Visual Studio Version 16
VisualStudioVersion = 16.0.30503.244
MinimumVisualStudioVersion = 10.0.40219.1
Project("{FAE04EC0-301F-11D3-BF4B-00C04F79EFBC}") = "01.Warrior’sQuest", "01.Warrior’sQuest\01.Warrior’sQuest.csproj", "{5455CC11-3804-4B49-9460-ABA6FDE5081D}"
EndProject
Project("{FAE04EC0-301F-11D3-BF4B-00C04F79EFBC}") = "02.BossRush", "02.BossRush\02.BossRush.csproj", "{7447599E-B4DD-4BB9-AD6B-34CBE744BD6C}"
EndProject
Project("{FAE04EC0-301F-11D3-BF4B-00C04F79EFBC}") = "03.HeroRecruitment", "03.HeroRecruitment\03.HeroRecruitment.csproj", "{8285518F-7BFC-4C67-B9D7-6EC00CB230D3}"
EndProject
Global
	GlobalSection(SolutionConfigurationPlatforms) = preSolution
		Debug|Any CPU = Debug|Any CPU
		Release|Any CPU = Release|Any CPU
	EndGlobalSection
	GlobalSection(ProjectConfigurationPlatforms) = postSolution
		{5455CC11-3804-4B49-9460-ABA6FDE5081D}.Debug|Any CPU.ActiveCfg = Debug|Any CPU
		{5455CC11-3804-4B49-9460-ABA6FDE5081D}.Debug|Any CPU.Build.0 = Debug|Any CPU
		{5455CC11-3804-4B49-9460-ABA6FDE5081D}.Release|Any CPU.ActiveCfg = Release|Any CPU
		{5455CC11-3804-4B49-9460-ABA6FDE5081D}.Release|Any CPU.Build.0 = Release|Any CPU
		{7447599E-B4DD-4BB9-AD6B-34CBE744BD6C}.Debug|Any CPU.ActiveCfg = Debug|Any CPU
		{7447599E-B4DD-4BB9-AD6B-34CBE744BD6C}.Debug|Any CPU.Build.0 = Debug|Any CPU
		{7447599E-B4DD-4BB9-AD6B-34CBE744BD6C}.Release|Any CPU.ActiveCfg = Release|Any CPU
		{7447599E-B4DD-4BB9-AD6B-34CBE744BD6C}.Release|Any CPU.Build.0 = Release|Any CPU
		{8285518F-7BFC-4C67-B9D7-6EC00CB230D3}.Debug|Any CPU.ActiveCfg = Debug|Any CPU
		{8285518F-7BFC-4C67-B9D7-6EC00CB230D3}.Debug|Any CPU.Build.0 = Debug|Any CPU
		{8285518F-7BFC-4C67-B9D7-6EC00CB230D3}.Release|Any CPU.ActiveCfg = Release|Any CPU
		{8285518F-7BFC-4C67-B9D7-6EC00CB230D3}.Release|Any CPU.Build.0 = Release|Any CPU
	EndGlobalSection
	GlobalSection(SolutionProperties) = preSolution
		HideSolutionNode = FALSE
	EndGlobalSection
	GlobalSection(ExtensibilityGlobals) = postSolution
		SolutionGuid = {D6C5597B-6BFE-4C7C-A58E-4598E60DB2B2}
	EndGlobalSection
EndGlobal
