
Microsoft Visual Studio Solution File, Format Version 12.00
# Visual Studio Version 16
VisualStudioVersion = 16.0.30503.244
MinimumVisualStudioVersion = 10.0.40219.1
Project("{9A19103F-16F7-4668-BE54-9A1E7A4F7556}") = "FlowerWreaths", "FlowerWreaths\FlowerWreaths.csproj", "{5241ABE8-0C86-41FA-B74D-C10F355FFDE5}"
EndProject
Project("{9A19103F-16F7-4668-BE54-9A1E7A4F7556}") = "Bee", "Bee\Bee.csproj", "{C9C3A957-5289-4921-A54B-659BD4BCEC9E}"
EndProject
Project("{9A19103F-16F7-4668-BE54-9A1E7A4F7556}") = "VetClinic", "03.VetClinic\VetClinic.csproj", "{8FDE299A-EFA7-49E7-81B9-1556E6C790B1}"
EndProject
Global
	GlobalSection(SolutionConfigurationPlatforms) = preSolution
		Debug|Any CPU = Debug|Any CPU
		Release|Any CPU = Release|Any CPU
	EndGlobalSection
	GlobalSection(ProjectConfigurationPlatforms) = postSolution
		{5241ABE8-0C86-41FA-B74D-C10F355FFDE5}.Debug|Any CPU.ActiveCfg = Debug|Any CPU
		{5241ABE8-0C86-41FA-B74D-C10F355FFDE5}.Debug|Any CPU.Build.0 = Debug|Any CPU
		{5241ABE8-0C86-41FA-B74D-C10F355FFDE5}.Release|Any CPU.ActiveCfg = Release|Any CPU
		{5241ABE8-0C86-41FA-B74D-C10F355FFDE5}.Release|Any CPU.Build.0 = Release|Any CPU
		{C9C3A957-5289-4921-A54B-659BD4BCEC9E}.Debug|Any CPU.ActiveCfg = Debug|Any CPU
		{C9C3A957-5289-4921-A54B-659BD4BCEC9E}.Debug|Any CPU.Build.0 = Debug|Any CPU
		{C9C3A957-5289-4921-A54B-659BD4BCEC9E}.Release|Any CPU.ActiveCfg = Release|Any CPU
		{C9C3A957-5289-4921-A54B-659BD4BCEC9E}.Release|Any CPU.Build.0 = Release|Any CPU
		{8FDE299A-EFA7-49E7-81B9-1556E6C790B1}.Debug|Any CPU.ActiveCfg = Debug|Any CPU
		{8FDE299A-EFA7-49E7-81B9-1556E6C790B1}.Debug|Any CPU.Build.0 = Debug|Any CPU
		{8FDE299A-EFA7-49E7-81B9-1556E6C790B1}.Release|Any CPU.ActiveCfg = Release|Any CPU
		{8FDE299A-EFA7-49E7-81B9-1556E6C790B1}.Release|Any CPU.Build.0 = Release|Any CPU
	EndGlobalSection
	GlobalSection(SolutionProperties) = preSolution
		HideSolutionNode = FALSE
	EndGlobalSection
	GlobalSection(ExtensibilityGlobals) = postSolution
		SolutionGuid = {81E84F12-7693-4AD9-AE28-BC1C7B4FEB3B}
	EndGlobalSection
EndGlobal
