
Microsoft Visual Studio Solution File, Format Version 12.00
# Visual Studio Version 16
VisualStudioVersion = 16.0.30503.244
MinimumVisualStudioVersion = 10.0.40219.1
Project("{FAE04EC0-301F-11D3-BF4B-00C04F79EFBC}") = "1.PasswordReset", "1.PasswordReset\1.PasswordReset.csproj", "{D7C54FA6-ECA2-4287-A9D7-0E9B04D97F98}"
EndProject
Project("{FAE04EC0-301F-11D3-BF4B-00C04F79EFBC}") = "2.FancyBarcodes", "02.FancyBarcodes\2.FancyBarcodes.csproj", "{F5E738CD-C0FD-45C1-AF4B-9107333BB289}"
EndProject
Project("{FAE04EC0-301F-11D3-BF4B-00C04F79EFBC}") = "3.HeroesОfCodeАndLogicVII", "3.HeroesОfCodeАndLogicVII\3.HeroesОfCodeАndLogicVII.csproj", "{65FE3638-10F2-4CAB-ADB5-BBA1D756B56A}"
EndProject
Global
	GlobalSection(SolutionConfigurationPlatforms) = preSolution
		Debug|Any CPU = Debug|Any CPU
		Release|Any CPU = Release|Any CPU
	EndGlobalSection
	GlobalSection(ProjectConfigurationPlatforms) = postSolution
		{D7C54FA6-ECA2-4287-A9D7-0E9B04D97F98}.Debug|Any CPU.ActiveCfg = Debug|Any CPU
		{D7C54FA6-ECA2-4287-A9D7-0E9B04D97F98}.Debug|Any CPU.Build.0 = Debug|Any CPU
		{D7C54FA6-ECA2-4287-A9D7-0E9B04D97F98}.Release|Any CPU.ActiveCfg = Release|Any CPU
		{D7C54FA6-ECA2-4287-A9D7-0E9B04D97F98}.Release|Any CPU.Build.0 = Release|Any CPU
		{F5E738CD-C0FD-45C1-AF4B-9107333BB289}.Debug|Any CPU.ActiveCfg = Debug|Any CPU
		{F5E738CD-C0FD-45C1-AF4B-9107333BB289}.Debug|Any CPU.Build.0 = Debug|Any CPU
		{F5E738CD-C0FD-45C1-AF4B-9107333BB289}.Release|Any CPU.ActiveCfg = Release|Any CPU
		{F5E738CD-C0FD-45C1-AF4B-9107333BB289}.Release|Any CPU.Build.0 = Release|Any CPU
		{65FE3638-10F2-4CAB-ADB5-BBA1D756B56A}.Debug|Any CPU.ActiveCfg = Debug|Any CPU
		{65FE3638-10F2-4CAB-ADB5-BBA1D756B56A}.Debug|Any CPU.Build.0 = Debug|Any CPU
		{65FE3638-10F2-4CAB-ADB5-BBA1D756B56A}.Release|Any CPU.ActiveCfg = Release|Any CPU
		{65FE3638-10F2-4CAB-ADB5-BBA1D756B56A}.Release|Any CPU.Build.0 = Release|Any CPU
	EndGlobalSection
	GlobalSection(SolutionProperties) = preSolution
		HideSolutionNode = FALSE
	EndGlobalSection
	GlobalSection(ExtensibilityGlobals) = postSolution
		SolutionGuid = {F3EF3F0B-766B-4CE5-9564-8359A4AE6AFD}
	EndGlobalSection
EndGlobal
