
Microsoft Visual Studio Solution File, Format Version 12.00
# Visual Studio Version 16
VisualStudioVersion = 16.0.30503.244
MinimumVisualStudioVersion = 10.0.40219.1
Project("{FAE04EC0-301F-11D3-BF4B-00C04F79EFBC}") = "01.CoffeeShop", "01.CoffeeShop\01.CoffeeShop.csproj", "{7DDFCC1F-06B0-4BAF-B61D-6F526A71CDF4}"
EndProject
Project("{FAE04EC0-301F-11D3-BF4B-00C04F79EFBC}") = "02.Crafting", "02.Crafting\02.Crafting.csproj", "{11280D1A-6612-4EB8-8A06-886A9E05C770}"
EndProject
Project("{FAE04EC0-301F-11D3-BF4B-00C04F79EFBC}") = "03.MagicCards", "03.MagicCards\03.MagicCards.csproj", "{A99A4E41-F59E-44A7-827C-D98BA43B557F}"
EndProject
Global
	GlobalSection(SolutionConfigurationPlatforms) = preSolution
		Debug|Any CPU = Debug|Any CPU
		Release|Any CPU = Release|Any CPU
	EndGlobalSection
	GlobalSection(ProjectConfigurationPlatforms) = postSolution
		{7DDFCC1F-06B0-4BAF-B61D-6F526A71CDF4}.Debug|Any CPU.ActiveCfg = Debug|Any CPU
		{7DDFCC1F-06B0-4BAF-B61D-6F526A71CDF4}.Debug|Any CPU.Build.0 = Debug|Any CPU
		{7DDFCC1F-06B0-4BAF-B61D-6F526A71CDF4}.Release|Any CPU.ActiveCfg = Release|Any CPU
		{7DDFCC1F-06B0-4BAF-B61D-6F526A71CDF4}.Release|Any CPU.Build.0 = Release|Any CPU
		{11280D1A-6612-4EB8-8A06-886A9E05C770}.Debug|Any CPU.ActiveCfg = Debug|Any CPU
		{11280D1A-6612-4EB8-8A06-886A9E05C770}.Debug|Any CPU.Build.0 = Debug|Any CPU
		{11280D1A-6612-4EB8-8A06-886A9E05C770}.Release|Any CPU.ActiveCfg = Release|Any CPU
		{11280D1A-6612-4EB8-8A06-886A9E05C770}.Release|Any CPU.Build.0 = Release|Any CPU
		{A99A4E41-F59E-44A7-827C-D98BA43B557F}.Debug|Any CPU.ActiveCfg = Debug|Any CPU
		{A99A4E41-F59E-44A7-827C-D98BA43B557F}.Debug|Any CPU.Build.0 = Debug|Any CPU
		{A99A4E41-F59E-44A7-827C-D98BA43B557F}.Release|Any CPU.ActiveCfg = Release|Any CPU
		{A99A4E41-F59E-44A7-827C-D98BA43B557F}.Release|Any CPU.Build.0 = Release|Any CPU
	EndGlobalSection
	GlobalSection(SolutionProperties) = preSolution
		HideSolutionNode = FALSE
	EndGlobalSection
	GlobalSection(ExtensibilityGlobals) = postSolution
		SolutionGuid = {AD430B19-6BB9-416D-9FB4-0CD11108BC75}
	EndGlobalSection
EndGlobal
